# This file is @generated by PDM.
# It is not intended for manual editing.

[metadata]
groups = ["default", "test"]
cross_platform = true
static_urls = false
lock_version = "4.3"
content_hash = "sha256:b04f74b56af69665b3f74b1c045d230d72af18581519dce712d1bf34f10e570e"

[[package]]
name = "amaranth"
version = "0.4.dev198+g7ff2e44"
requires_python = "~=3.8"
git = "https://github.com/whitequark/amaranth.git"
ref = "amaranth-cli"
revision = "7ff2e44329a5e9cf2e153112e80a267d456d9ea3"
summary = "Amaranth hardware definition language"
dependencies = [
    "Jinja2~=3.0",
    "importlib-resources; python_version < \"3.9\"",
    "pyvcd<0.5,>=0.2.2",
]

[[package]]
name = "attrs"
version = "23.1.0"
requires_python = ">=3.7"
summary = "Classes Without Boilerplate"
files = [
    {file = "attrs-23.1.0-py3-none-any.whl", hash = "sha256:1f28b4522cdc2fb4256ac1a020c78acf9cba2c6b461ccd2c126f3aa8e8335d04"},
    {file = "attrs-23.1.0.tar.gz", hash = "sha256:6279836d581513a26f1bf235f9acd333bc9115683f14f7e8fae46c98fc50e015"},
]

[[package]]
name = "colorama"
version = "0.4.6"
requires_python = "!=3.0.*,!=3.1.*,!=3.2.*,!=3.3.*,!=3.4.*,!=3.5.*,!=3.6.*,>=2.7"
summary = "Cross-platform colored terminal text."
files = [
    {file = "colorama-0.4.6-py2.py3-none-any.whl", hash = "sha256:4f1d9991f5acc0ca119f9d443620b77f9d6b33703e51011c16baf57afb285fc6"},
    {file = "colorama-0.4.6.tar.gz", hash = "sha256:08695f5cb7ed6e0531a20572697297273c47b8cae5a63ffc6d6ed5c201be6e44"},
]

[[package]]
name = "distro"
version = "1.8.0"
requires_python = ">=3.6"
summary = "Distro - an OS platform information API"
files = [
    {file = "distro-1.8.0-py3-none-any.whl", hash = "sha256:99522ca3e365cac527b44bde033f64c6945d90eb9f769703caaec52b09bbd3ff"},
    {file = "distro-1.8.0.tar.gz", hash = "sha256:02e111d1dc6a50abb8eed6bf31c3e48ed8b0830d1ea2a1b78c61765c2513fdd8"},
]

[[package]]
name = "edalize"
version = "0.5.1"
requires_python = ">=3.6, <4"
summary = "Library for interfacing EDA tools such as simulators, linters or synthesis tools, using a common interface"
dependencies = [
    "Jinja2>=3",
]
files = [
    {file = "edalize-0.5.1.tar.gz", hash = "sha256:bb459dab3c46589f49cbf73dc5b6b76160b0814eb16af05af05409d5821e40d7"},
]

[[package]]
name = "exceptiongroup"
version = "1.1.3"
requires_python = ">=3.7"
summary = "Backport of PEP 654 (exception groups)"
files = [
    {file = "exceptiongroup-1.1.3-py3-none-any.whl", hash = "sha256:343280667a4585d195ca1cf9cef84a4e178c4b6cf2274caef9859782b567d5e3"},
    {file = "exceptiongroup-1.1.3.tar.gz", hash = "sha256:097acd85d473d75af5bb98e41b61ff7fe35efe6675e4f9370ec6ec5126d160e9"},
]

[[package]]
name = "fastjsonschema"
version = "2.18.0"
summary = "Fastest Python implementation of JSON schema"
files = [
    {file = "fastjsonschema-2.18.0-py3-none-any.whl", hash = "sha256:128039912a11a807068a7c87d0da36660afbfd7202780db26c4aa7153cfdc799"},
    {file = "fastjsonschema-2.18.0.tar.gz", hash = "sha256:e820349dd16f806e4bd1467a138dced9def4bc7d6213a34295272a6cac95b5bd"},
]

[[package]]
name = "fusesoc"
version = "2.2.2.dev19+gc1bd482"
requires_python = ">=3.6, <4"
git = "https://github.com/olofk/fusesoc"
revision = "c1bd482d8b55f38c5f985104034c62fd1f88fe27"
summary = "FuseSoC is a package manager and a set of build tools for HDL (Hardware Description Language) code."
dependencies = [
    "edalize>=0.4.1",
    "fastjsonschema",
    "jsonschema2md",
    "pyparsing>=2.3.1",
    "pyyaml>=6.0",
    "simplesat>=0.8.0",
]

[[package]]
name = "importlib-resources"
version = "6.0.1"
requires_python = ">=3.8"
summary = "Read resources from Python packages"
dependencies = [
    "zipp>=3.1.0; python_version < \"3.10\"",
]
files = [
    {file = "importlib_resources-6.0.1-py3-none-any.whl", hash = "sha256:134832a506243891221b88b4ae1213327eea96ceb4e407a00d790bb0626f45cf"},
    {file = "importlib_resources-6.0.1.tar.gz", hash = "sha256:4359457e42708462b9626a04657c6208ad799ceb41e5c58c57ffa0e6a098a5d4"},
]

[[package]]
name = "iniconfig"
version = "2.0.0"
requires_python = ">=3.7"
summary = "brain-dead simple config-ini parsing"
files = [
    {file = "iniconfig-2.0.0-py3-none-any.whl", hash = "sha256:b6a85871a79d2e3b22d2d1b94ac2824226a63c6b741c88f7ae975f18b6778374"},
    {file = "iniconfig-2.0.0.tar.gz", hash = "sha256:2d91e135bf72d31a410b17c16da610a82cb55f6b0477d1a902134b24a455b8b3"},
]

[[package]]
name = "jinja2"
version = "3.1.2"
requires_python = ">=3.7"
summary = "A very fast and expressive template engine."
dependencies = [
    "MarkupSafe>=2.0",
]
files = [
    {file = "Jinja2-3.1.2-py3-none-any.whl", hash = "sha256:6088930bfe239f0e6710546ab9c19c9ef35e29792895fed6e6e31a023a182a61"},
    {file = "Jinja2-3.1.2.tar.gz", hash = "sha256:31351a702a408a9e7595a8fc6150fc3f43bb6bf7e319770cbc0db9df9437e852"},
]

[[package]]
name = "jsonschema"
version = "4.19.0"
requires_python = ">=3.8"
summary = "An implementation of JSON Schema validation for Python"
dependencies = [
    "attrs>=22.2.0",
    "importlib-resources>=1.4.0; python_version < \"3.9\"",
    "jsonschema-specifications>=2023.03.6",
    "pkgutil-resolve-name>=1.3.10; python_version < \"3.9\"",
    "referencing>=0.28.4",
    "rpds-py>=0.7.1",
]
files = [
    {file = "jsonschema-4.19.0-py3-none-any.whl", hash = "sha256:043dc26a3845ff09d20e4420d6012a9c91c9aa8999fa184e7efcfeccb41e32cb"},
    {file = "jsonschema-4.19.0.tar.gz", hash = "sha256:6e1e7569ac13be8139b2dd2c21a55d350066ee3f80df06c608b398cdc6f30e8f"},
]

[[package]]
name = "jsonschema-specifications"
version = "2023.7.1"
requires_python = ">=3.8"
summary = "The JSON Schema meta-schemas and vocabularies, exposed as a Registry"
dependencies = [
    "importlib-resources>=1.4.0; python_version < \"3.9\"",
    "referencing>=0.28.0",
]
files = [
    {file = "jsonschema_specifications-2023.7.1-py3-none-any.whl", hash = "sha256:05adf340b659828a004220a9613be00fa3f223f2b82002e273dee62fd50524b1"},
    {file = "jsonschema_specifications-2023.7.1.tar.gz", hash = "sha256:c91a50404e88a1f6ba40636778e2ee08f6e24c5613fe4c53ac24578a5a7f72bb"},
]

[[package]]
name = "jsonschema2md"
version = "0.9.0"
requires_python = ">=3.7.2,<4.0.0"
summary = "Convert JSON Schema to human-readable Markdown documentation"
dependencies = [
    "PyYAML<7.0,>=6.0",
]
files = [
    {file = "jsonschema2md-0.9.0-py3-none-any.whl", hash = "sha256:b6b7ae067c355c887949646296fb04375f6e995d862cbe7ae81a34f085a63a67"},
    {file = "jsonschema2md-0.9.0.tar.gz", hash = "sha256:3ef34181679c48bbd1ac228ad1d6441051ceef58ba90cba6b931d0368e00ec77"},
]

[[package]]
name = "markupsafe"
version = "2.1.3"
requires_python = ">=3.7"
summary = "Safely add untrusted strings to HTML/XML markup."
files = [
    {file = "MarkupSafe-2.1.3-cp311-cp311-macosx_10_9_universal2.whl", hash = "sha256:ad9e82fb8f09ade1c3e1b996a6337afac2b8b9e365f926f5a61aacc71adc5b3c"},
    {file = "MarkupSafe-2.1.3-cp311-cp311-macosx_10_9_x86_64.whl", hash = "sha256:3c0fae6c3be832a0a0473ac912810b2877c8cb9d76ca48de1ed31e1c68386575"},
    {file = "MarkupSafe-2.1.3-cp311-cp311-manylinux_2_17_aarch64.manylinux2014_aarch64.whl", hash = "sha256:b076b6226fb84157e3f7c971a47ff3a679d837cf338547532ab866c57930dbee"},
    {file = "MarkupSafe-2.1.3-cp311-cp311-manylinux_2_17_x86_64.manylinux2014_x86_64.whl", hash = "sha256:bfce63a9e7834b12b87c64d6b155fdd9b3b96191b6bd334bf37db7ff1fe457f2"},
    {file = "MarkupSafe-2.1.3-cp311-cp311-manylinux_2_5_i686.manylinux1_i686.manylinux_2_17_i686.manylinux2014_i686.whl", hash = "sha256:338ae27d6b8745585f87218a3f23f1512dbf52c26c28e322dbe54bcede54ccb9"},
    {file = "MarkupSafe-2.1.3-cp311-cp311-musllinux_1_1_aarch64.whl", hash = "sha256:e4dd52d80b8c83fdce44e12478ad2e85c64ea965e75d66dbeafb0a3e77308fcc"},
    {file = "MarkupSafe-2.1.3-cp311-cp311-musllinux_1_1_i686.whl", hash = "sha256:df0be2b576a7abbf737b1575f048c23fb1d769f267ec4358296f31c2479db8f9"},
    {file = "MarkupSafe-2.1.3-cp311-cp311-musllinux_1_1_x86_64.whl", hash = "sha256:5bbe06f8eeafd38e5d0a4894ffec89378b6c6a625ff57e3028921f8ff59318ac"},
    {file = "MarkupSafe-2.1.3-cp311-cp311-win32.whl", hash = "sha256:dd15ff04ffd7e05ffcb7fe79f1b98041b8ea30ae9234aed2a9168b5797c3effb"},
    {file = "MarkupSafe-2.1.3-cp311-cp311-win_amd64.whl", hash = "sha256:134da1eca9ec0ae528110ccc9e48041e0828d79f24121a1a146161103c76e686"},
    {file = "MarkupSafe-2.1.3.tar.gz", hash = "sha256:af598ed32d6ae86f1b747b82783958b1a4ab8f617b06fe68795c7f026abbdcad"},
]

[[package]]
name = "okonomiyaki"
version = "1.4.0"
requires_python = ">=2.7"
summary = "Self-contained library to deal with metadata in Enthought-specific egg and runtime archives"
dependencies = [
    "attrs>=16.1.0",
    "distro; sys_platform == \"linux\"",
    "distro; sys_platform == \"linux2\"",
    "jsonschema>=2.5.1",
    "six>=1.9.0",
    "zipfile2>=0.0.12",
]
files = [
    {file = "okonomiyaki-1.4.0-py2.py3-none-any.whl", hash = "sha256:174af185f866fc42fdb58b2d6c7107d870f795e3f404b9c6278f8e62f87f0f83"},
    {file = "okonomiyaki-1.4.0.tar.gz", hash = "sha256:508008004a12e09f565d8b4e4145bd7500787fdd6810d898fdc8e5c61a3f41e5"},
]

[[package]]
name = "packaging"
version = "23.1"
requires_python = ">=3.7"
summary = "Core utilities for Python packages"
files = [
    {file = "packaging-23.1-py3-none-any.whl", hash = "sha256:994793af429502c4ea2ebf6bf664629d07c1a9fe974af92966e4b8d2df7edc61"},
    {file = "packaging-23.1.tar.gz", hash = "sha256:a392980d2b6cffa644431898be54b0045151319d1e7ec34f0cfed48767dd334f"},
]

[[package]]
name = "pkgutil-resolve-name"
version = "1.3.10"
requires_python = ">=3.6"
summary = "Resolve a name to an object."
files = [
    {file = "pkgutil_resolve_name-1.3.10-py3-none-any.whl", hash = "sha256:ca27cc078d25c5ad71a9de0a7a330146c4e014c2462d9af19c6b828280649c5e"},
    {file = "pkgutil_resolve_name-1.3.10.tar.gz", hash = "sha256:357d6c9e6a755653cfd78893817c0853af365dd51ec97f3d358a819373bbd174"},
]

[[package]]
name = "pluggy"
version = "1.3.0"
requires_python = ">=3.8"
summary = "plugin and hook calling mechanisms for python"
files = [
    {file = "pluggy-1.3.0-py3-none-any.whl", hash = "sha256:d89c696a773f8bd377d18e5ecda92b7a3793cbe66c87060a6fb58c7b6e1061f7"},
    {file = "pluggy-1.3.0.tar.gz", hash = "sha256:cf61ae8f126ac6f7c451172cf30e3e43d3ca77615509771b3a984a0730651e12"},
]

[[package]]
name = "pyparsing"
version = "3.1.1"
requires_python = ">=3.6.8"
summary = "pyparsing module - Classes and methods to define and execute parsing grammars"
files = [
    {file = "pyparsing-3.1.1-py3-none-any.whl", hash = "sha256:32c7c0b711493c72ff18a981d24f28aaf9c1fb7ed5e9667c9e84e3db623bdbfb"},
    {file = "pyparsing-3.1.1.tar.gz", hash = "sha256:ede28a1a32462f5a9705e07aea48001a08f7cf81a021585011deba701581a0db"},
]

[[package]]
name = "pytest"
version = "7.4.2"
requires_python = ">=3.7"
summary = "pytest: simple powerful testing with Python"
dependencies = [
    "colorama; sys_platform == \"win32\"",
    "exceptiongroup>=1.0.0rc8; python_version < \"3.11\"",
    "iniconfig",
    "packaging",
    "pluggy<2.0,>=0.12",
    "tomli>=1.0.0; python_version < \"3.11\"",
]
files = [
    {file = "pytest-7.4.2-py3-none-any.whl", hash = "sha256:1d881c6124e08ff0a1bb75ba3ec0bfd8b5354a01c194ddd5a0a870a48d99b002"},
    {file = "pytest-7.4.2.tar.gz", hash = "sha256:a766259cfab564a2ad52cb1aae1b881a75c3eb7e34ca3779697c23ed47c47069"},
]

[[package]]
name = "pyvcd"
version = "0.4.0"
requires_python = ">=3.7"
summary = "Python VCD file support"
files = [
    {file = "pyvcd-0.4.0-py2.py3-none-any.whl", hash = "sha256:a21b10e5018b7940c8f2c20ef83d97496e86f15e215afed134ee115166035e17"},
    {file = "pyvcd-0.4.0.tar.gz", hash = "sha256:31be3f501441a9b8c5dc72660ff7b9cfef9b43b2121a23d96f586d2863270290"},
]

[[package]]
name = "pyyaml"
version = "6.0.1"
requires_python = ">=3.6"
summary = "YAML parser and emitter for Python"
files = [
    {file = "PyYAML-6.0.1-cp310-cp310-macosx_10_9_x86_64.whl", hash = "sha256:d858aa552c999bc8a8d57426ed01e40bef403cd8ccdd0fc5f6f04a00414cac2a"},
    {file = "PyYAML-6.0.1-cp310-cp310-macosx_11_0_arm64.whl", hash = "sha256:fd66fc5d0da6d9815ba2cebeb4205f95818ff4b79c3ebe268e75d961704af52f"},
    {file = "PyYAML-6.0.1-cp310-cp310-manylinux_2_17_aarch64.manylinux2014_aarch64.whl", hash = "sha256:69b023b2b4daa7548bcfbd4aa3da05b3a74b772db9e23b982788168117739938"},
    {file = "PyYAML-6.0.1-cp310-cp310-manylinux_2_17_s390x.manylinux2014_s390x.whl", hash = "sha256:81e0b275a9ecc9c0c0c07b4b90ba548307583c125f54d5b6946cfee6360c733d"},
    {file = "PyYAML-6.0.1-cp310-cp310-manylinux_2_17_x86_64.manylinux2014_x86_64.whl", hash = "sha256:ba336e390cd8e4d1739f42dfe9bb83a3cc2e80f567d8805e11b46f4a943f5515"},
    {file = "PyYAML-6.0.1-cp310-cp310-musllinux_1_1_x86_64.whl", hash = "sha256:326c013efe8048858a6d312ddd31d56e468118ad4cdeda36c719bf5bb6192290"},
    {file = "PyYAML-6.0.1-cp310-cp310-win32.whl", hash = "sha256:bd4af7373a854424dabd882decdc5579653d7868b8fb26dc7d0e99f823aa5924"},
    {file = "PyYAML-6.0.1-cp310-cp310-win_amd64.whl", hash = "sha256:fd1592b3fdf65fff2ad0004b5e363300ef59ced41c2e6b3a99d4089fa8c5435d"},
    {file = "PyYAML-6.0.1-cp311-cp311-macosx_10_9_x86_64.whl", hash = "sha256:6965a7bc3cf88e5a1c3bd2e0b5c22f8d677dc88a455344035f03399034eb3007"},
    {file = "PyYAML-6.0.1-cp311-cp311-macosx_11_0_arm64.whl", hash = "sha256:f003ed9ad21d6a4713f0a9b5a7a0a79e08dd0f221aff4525a2be4c346ee60aab"},
    {file = "PyYAML-6.0.1-cp311-cp311-manylinux_2_17_aarch64.manylinux2014_aarch64.whl", hash = "sha256:42f8152b8dbc4fe7d96729ec2b99c7097d656dc1213a3229ca5383f973a5ed6d"},
    {file = "PyYAML-6.0.1-cp311-cp311-manylinux_2_17_s390x.manylinux2014_s390x.whl", hash = "sha256:062582fca9fabdd2c8b54a3ef1c978d786e0f6b3a1510e0ac93ef59e0ddae2bc"},
    {file = "PyYAML-6.0.1-cp311-cp311-manylinux_2_17_x86_64.manylinux2014_x86_64.whl", hash = "sha256:d2b04aac4d386b172d5b9692e2d2da8de7bfb6c387fa4f801fbf6fb2e6ba4673"},
    {file = "PyYAML-6.0.1-cp311-cp311-musllinux_1_1_x86_64.whl", hash = "sha256:e7d73685e87afe9f3b36c799222440d6cf362062f78be1013661b00c5c6f678b"},
    {file = "PyYAML-6.0.1-cp311-cp311-win32.whl", hash = "sha256:1635fd110e8d85d55237ab316b5b011de701ea0f29d07611174a1b42f1444741"},
    {file = "PyYAML-6.0.1-cp311-cp311-win_amd64.whl", hash = "sha256:bf07ee2fef7014951eeb99f56f39c9bb4af143d8aa3c21b1677805985307da34"},
    {file = "PyYAML-6.0.1-cp312-cp312-macosx_10_9_x86_64.whl", hash = "sha256:855fb52b0dc35af121542a76b9a84f8d1cd886ea97c84703eaa6d88e37a2ad28"},
    {file = "PyYAML-6.0.1-cp312-cp312-macosx_11_0_arm64.whl", hash = "sha256:40df9b996c2b73138957fe23a16a4f0ba614f4c0efce1e9406a184b6d07fa3a9"},
    {file = "PyYAML-6.0.1-cp312-cp312-manylinux_2_17_x86_64.manylinux2014_x86_64.whl", hash = "sha256:6c22bec3fbe2524cde73d7ada88f6566758a8f7227bfbf93a408a9d86bcc12a0"},
    {file = "PyYAML-6.0.1-cp312-cp312-musllinux_1_1_x86_64.whl", hash = "sha256:8d4e9c88387b0f5c7d5f281e55304de64cf7f9c0021a3525bd3b1c542da3b0e4"},
    {file = "PyYAML-6.0.1-cp312-cp312-win32.whl", hash = "sha256:d483d2cdf104e7c9fa60c544d92981f12ad66a457afae824d146093b8c294c54"},
    {file = "PyYAML-6.0.1-cp312-cp312-win_amd64.whl", hash = "sha256:0d3304d8c0adc42be59c5f8a4d9e3d7379e6955ad754aa9d6ab7a398b59dd1df"},
    {file = "PyYAML-6.0.1-cp38-cp38-macosx_10_9_x86_64.whl", hash = "sha256:1d4c7e777c441b20e32f52bd377e0c409713e8bb1386e1099c2415f26e479595"},
    {file = "PyYAML-6.0.1-cp38-cp38-manylinux_2_17_aarch64.manylinux2014_aarch64.whl", hash = "sha256:a0cd17c15d3bb3fa06978b4e8958dcdc6e0174ccea823003a106c7d4d7899ac5"},
    {file = "PyYAML-6.0.1-cp38-cp38-manylinux_2_17_s390x.manylinux2014_s390x.whl", hash = "sha256:28c119d996beec18c05208a8bd78cbe4007878c6dd15091efb73a30e90539696"},
    {file = "PyYAML-6.0.1-cp38-cp38-manylinux_2_17_x86_64.manylinux2014_x86_64.whl", hash = "sha256:7e07cbde391ba96ab58e532ff4803f79c4129397514e1413a7dc761ccd755735"},
    {file = "PyYAML-6.0.1-cp38-cp38-musllinux_1_1_x86_64.whl", hash = "sha256:49a183be227561de579b4a36efbb21b3eab9651dd81b1858589f796549873dd6"},
    {file = "PyYAML-6.0.1-cp38-cp38-win32.whl", hash = "sha256:184c5108a2aca3c5b3d3bf9395d50893a7ab82a38004c8f61c258d4428e80206"},
    {file = "PyYAML-6.0.1-cp38-cp38-win_amd64.whl", hash = "sha256:1e2722cc9fbb45d9b87631ac70924c11d3a401b2d7f410cc0e3bbf249f2dca62"},
    {file = "PyYAML-6.0.1-cp39-cp39-macosx_10_9_x86_64.whl", hash = "sha256:9eb6caa9a297fc2c2fb8862bc5370d0303ddba53ba97e71f08023b6cd73d16a8"},
    {file = "PyYAML-6.0.1-cp39-cp39-macosx_11_0_arm64.whl", hash = "sha256:c8098ddcc2a85b61647b2590f825f3db38891662cfc2fc776415143f599bb859"},
    {file = "PyYAML-6.0.1-cp39-cp39-manylinux_2_17_aarch64.manylinux2014_aarch64.whl", hash = "sha256:5773183b6446b2c99bb77e77595dd486303b4faab2b086e7b17bc6bef28865f6"},
    {file = "PyYAML-6.0.1-cp39-cp39-manylinux_2_17_s390x.manylinux2014_s390x.whl", hash = "sha256:b786eecbdf8499b9ca1d697215862083bd6d2a99965554781d0d8d1ad31e13a0"},
    {file = "PyYAML-6.0.1-cp39-cp39-manylinux_2_17_x86_64.manylinux2014_x86_64.whl", hash = "sha256:bc1bf2925a1ecd43da378f4db9e4f799775d6367bdb94671027b73b393a7c42c"},
    {file = "PyYAML-6.0.1-cp39-cp39-musllinux_1_1_x86_64.whl", hash = "sha256:04ac92ad1925b2cff1db0cfebffb6ffc43457495c9b3c39d3fcae417d7125dc5"},
    {file = "PyYAML-6.0.1-cp39-cp39-win32.whl", hash = "sha256:faca3bdcf85b2fc05d06ff3fbc1f83e1391b3e724afa3feba7d13eeab355484c"},
    {file = "PyYAML-6.0.1-cp39-cp39-win_amd64.whl", hash = "sha256:510c9deebc5c0225e8c96813043e62b680ba2f9c50a08d3724c7f28a747d1486"},
    {file = "PyYAML-6.0.1.tar.gz", hash = "sha256:bfdf460b1736c775f2ba9f6a92bca30bc2095067b8a9d77876d1fad6cc3b4a43"},
]

[[package]]
name = "referencing"
version = "0.30.2"
requires_python = ">=3.8"
summary = "JSON Referencing + Python"
dependencies = [
    "attrs>=22.2.0",
    "rpds-py>=0.7.0",
]
files = [
    {file = "referencing-0.30.2-py3-none-any.whl", hash = "sha256:449b6669b6121a9e96a7f9e410b245d471e8d48964c67113ce9afe50c8dd7bdf"},
    {file = "referencing-0.30.2.tar.gz", hash = "sha256:794ad8003c65938edcdbc027f1933215e0d0ccc0291e3ce20a4d87432b59efc0"},
]

[[package]]
name = "rpds-py"
version = "0.10.2"
requires_python = ">=3.8"
summary = "Python bindings to Rust's persistent data structures (rpds)"
files = [
    {file = "rpds_py-0.10.2-cp311-cp311-macosx_10_7_x86_64.whl", hash = "sha256:dd91a7d7a9ce7f4983097c91ce211f3e5569cc21caa16f2692298a07e396f82b"},
    {file = "rpds_py-0.10.2-cp311-cp311-macosx_11_0_arm64.whl", hash = "sha256:e82b4a70cc67094f3f3fd77579702f48fcf1de7bdc67d79b8f1e24d089a6162c"},
    {file = "rpds_py-0.10.2-cp311-cp311-manylinux_2_17_aarch64.manylinux2014_aarch64.whl", hash = "sha256:e281b71922208e00886e4b7ffbfcf27874486364f177418ab676f102130e7ec9"},
    {file = "rpds_py-0.10.2-cp311-cp311-manylinux_2_17_armv7l.manylinux2014_armv7l.whl", hash = "sha256:b3eb1a0d2b6d232d1bcdfc3fcc5f7b004ab3fbd9203011a3172f051d4527c0b6"},
    {file = "rpds_py-0.10.2-cp311-cp311-manylinux_2_17_ppc64le.manylinux2014_ppc64le.whl", hash = "sha256:02945ae38fd78efc40900f509890de84cfd5ffe2cd2939eeb3a8800dc68b87cb"},
    {file = "rpds_py-0.10.2-cp311-cp311-manylinux_2_17_s390x.manylinux2014_s390x.whl", hash = "sha256:ccfb77f6dc8abffa6f1c7e3975ed9070a41ce5fcc11154d2bead8c1baa940f09"},
    {file = "rpds_py-0.10.2-cp311-cp311-manylinux_2_17_x86_64.manylinux2014_x86_64.whl", hash = "sha256:af52078719209bef33e38131486fd784832dd8d1dc9b85f00a44f6e7437dd021"},
    {file = "rpds_py-0.10.2-cp311-cp311-manylinux_2_5_i686.manylinux1_i686.whl", hash = "sha256:56ba7c1100ed079527f2b995bf5486a2e557e6d5b733c52e8947476338815b69"},
    {file = "rpds_py-0.10.2-cp311-cp311-musllinux_1_2_aarch64.whl", hash = "sha256:899b03a3be785a7e1ff84b237da71f0efa2f021512f147dd34ffdf7aa82cb678"},
    {file = "rpds_py-0.10.2-cp311-cp311-musllinux_1_2_i686.whl", hash = "sha256:22e6de18f00583f06928cc8d0993104ecc62f7c6da6478db2255de89a30e45d1"},
    {file = "rpds_py-0.10.2-cp311-cp311-musllinux_1_2_x86_64.whl", hash = "sha256:edd74b760a6bb950397e7a7bd2f38e6700f6525062650b1d77c6d851b82f02c2"},
    {file = "rpds_py-0.10.2-cp311-none-win32.whl", hash = "sha256:18909093944727e068ebfc92e2e6ed1c4fa44135507c1c0555213ce211c53214"},
    {file = "rpds_py-0.10.2-cp311-none-win_amd64.whl", hash = "sha256:9568764e72d85cf7855ca78b48e07ed1be47bf230e2cea8dabda3c95f660b0ff"},
    {file = "rpds_py-0.10.2-cp312-cp312-macosx_10_7_x86_64.whl", hash = "sha256:0fc625059b83695fbb4fc8b7a8b66fa94ff9c7b78c84fb9986cd53ff88a28d80"},
    {file = "rpds_py-0.10.2-cp312-cp312-macosx_11_0_arm64.whl", hash = "sha256:c86231c66e4f422e7c13ea6200bb4048b3016c8bfd11b4fd0dabd04d2c8e3501"},
    {file = "rpds_py-0.10.2-cp312-cp312-manylinux_2_17_aarch64.manylinux2014_aarch64.whl", hash = "sha256:56777c57246e048908b550af9b81b0ec9cf804fd47cb7502ccd93238bd6025c2"},
    {file = "rpds_py-0.10.2-cp312-cp312-manylinux_2_17_armv7l.manylinux2014_armv7l.whl", hash = "sha256:a4cb372e22e9c879bd9a9cc9b20b7c1fbf30a605ac953da45ecec05d8a6e1c77"},
    {file = "rpds_py-0.10.2-cp312-cp312-manylinux_2_17_ppc64le.manylinux2014_ppc64le.whl", hash = "sha256:aa3b3a43dabc4cc57a7800f526cbe03f71c69121e21b863fdf497b59b462b163"},
    {file = "rpds_py-0.10.2-cp312-cp312-manylinux_2_17_s390x.manylinux2014_s390x.whl", hash = "sha256:59d222086daa55421d599609b32d0ebe544e57654c4a0a1490c54a7ebaa67561"},
    {file = "rpds_py-0.10.2-cp312-cp312-manylinux_2_17_x86_64.manylinux2014_x86_64.whl", hash = "sha256:529aab727f54a937085184e7436e1d0e19975cf10115eda12d37a683e4ee5342"},
    {file = "rpds_py-0.10.2-cp312-cp312-manylinux_2_5_i686.manylinux1_i686.whl", hash = "sha256:43e9b1531d6a898bdf086acb75c41265c7ec4331267d7619148d407efc72bd24"},
    {file = "rpds_py-0.10.2-cp312-cp312-musllinux_1_2_aarch64.whl", hash = "sha256:c2772bb95062e3f9774140205cd65d8997e39620715486cf5f843cf4ad8f744c"},
    {file = "rpds_py-0.10.2-cp312-cp312-musllinux_1_2_i686.whl", hash = "sha256:ba1b28e44f611f3f2b436bd8290050a61db4b59a8e24be4465f44897936b3824"},
    {file = "rpds_py-0.10.2-cp312-cp312-musllinux_1_2_x86_64.whl", hash = "sha256:5aba767e64b494483ad60c4873bec78d16205a21f8247c99749bd990d9c846c2"},
    {file = "rpds_py-0.10.2-pp310-pypy310_pp73-macosx_10_7_x86_64.whl", hash = "sha256:4a96147791e49e84207dd1530109aa0e9eeaf1c8b7a59f150047fc0fcdf9bb64"},
    {file = "rpds_py-0.10.2-pp310-pypy310_pp73-macosx_11_0_arm64.whl", hash = "sha256:203eb1532d51591d32e8dfafd60b5d31347ea7278c8da02b4b550287f6abe28b"},
    {file = "rpds_py-0.10.2-pp310-pypy310_pp73-manylinux_2_17_aarch64.manylinux2014_aarch64.whl", hash = "sha256:a2f416cdfe92f5fbb77177f5f3f7830059d1582db05f2c7119bf80069d1ab69b"},
    {file = "rpds_py-0.10.2-pp310-pypy310_pp73-manylinux_2_17_armv7l.manylinux2014_armv7l.whl", hash = "sha256:b2660000e1a113869c86eb5cc07f3343467490f3cd9d0299f81da9ddae7137b7"},
    {file = "rpds_py-0.10.2-pp310-pypy310_pp73-manylinux_2_17_ppc64le.manylinux2014_ppc64le.whl", hash = "sha256:1adb04e4b4e41bf30aaa77eeb169c1b9ba9e5010e2e6ce8d6c17e1446edc9b68"},
    {file = "rpds_py-0.10.2-pp310-pypy310_pp73-manylinux_2_17_s390x.manylinux2014_s390x.whl", hash = "sha256:2bca97521ee786087f0c5ef318fef3eef0266a9c3deff88205523cf353af7394"},
    {file = "rpds_py-0.10.2-pp310-pypy310_pp73-manylinux_2_17_x86_64.manylinux2014_x86_64.whl", hash = "sha256:4969592e3cdeefa4cbb15a26cec102cbd4a1d6e5b695fac9fa026e19741138c8"},
    {file = "rpds_py-0.10.2-pp310-pypy310_pp73-manylinux_2_5_i686.manylinux1_i686.whl", hash = "sha256:df61f818edf7c8626bfa392f825860fb670b5f8336e238eb0ec7e2a5689cdded"},
    {file = "rpds_py-0.10.2-pp310-pypy310_pp73-musllinux_1_2_aarch64.whl", hash = "sha256:b589d93a60e78fe55d5bc76ee8c2bf945dbdbb7cd16044c53e0307604e448de1"},
    {file = "rpds_py-0.10.2-pp310-pypy310_pp73-musllinux_1_2_i686.whl", hash = "sha256:73da69e1f612c3e682e34dcb971272d90d6f27b2c99acff444ca455a89978574"},
    {file = "rpds_py-0.10.2-pp310-pypy310_pp73-musllinux_1_2_x86_64.whl", hash = "sha256:89438e8885a186c69fe31f7ef98bb2bf29688c466c3caf9060f404c0be89ae80"},
    {file = "rpds_py-0.10.2-pp38-pypy38_pp73-macosx_10_7_x86_64.whl", hash = "sha256:c4ecc4e9a5d73a816cae36ee6b5d8b7a0c72013cae1e101406e832887c3dc2d8"},
    {file = "rpds_py-0.10.2-pp38-pypy38_pp73-macosx_11_0_arm64.whl", hash = "sha256:907b214da5d2fcff0b6ddb83de1333890ca92abaf4bbf8d9c61dc1b95c87fd6e"},
    {file = "rpds_py-0.10.2-pp38-pypy38_pp73-manylinux_2_17_aarch64.manylinux2014_aarch64.whl", hash = "sha256:bb44644371eaa29a3aba7b69b1862d0d56f073bb7585baa32e4271a71a91ee82"},
    {file = "rpds_py-0.10.2-pp38-pypy38_pp73-manylinux_2_17_armv7l.manylinux2014_armv7l.whl", hash = "sha256:80c3cf46511653f94dfe07c7c79ab105c4164d6e1dfcb35b7214fb9af53eaef4"},
    {file = "rpds_py-0.10.2-pp38-pypy38_pp73-manylinux_2_17_ppc64le.manylinux2014_ppc64le.whl", hash = "sha256:eaba0613c759ebf95988a84f766ca6b7432d55ce399194f95dde588ad1be0878"},
    {file = "rpds_py-0.10.2-pp38-pypy38_pp73-manylinux_2_17_s390x.manylinux2014_s390x.whl", hash = "sha256:0527c97dcd8bb983822ee31d3760187083fd3ba18ac4dd22cf5347c89d5628f4"},
    {file = "rpds_py-0.10.2-pp38-pypy38_pp73-manylinux_2_17_x86_64.manylinux2014_x86_64.whl", hash = "sha256:9cdfd649011ce2d90cb0dd304c5aba1190fac0c266d19a9e2b96b81cfd150a09"},
    {file = "rpds_py-0.10.2-pp38-pypy38_pp73-manylinux_2_5_i686.manylinux1_i686.whl", hash = "sha256:75eea40355a8690459c7291ce6c8ce39c27bd223675c7da6619f510c728feb97"},
    {file = "rpds_py-0.10.2-pp38-pypy38_pp73-musllinux_1_2_aarch64.whl", hash = "sha256:4f1b804cfad04f862d6a84af9d1ad941b06f671878f0f7ecad6c92007d423de6"},
    {file = "rpds_py-0.10.2-pp38-pypy38_pp73-musllinux_1_2_i686.whl", hash = "sha256:bf77f9017fcfa1232f98598a637406e6c33982ccba8a5922339575c3e2b90ea5"},
    {file = "rpds_py-0.10.2-pp38-pypy38_pp73-musllinux_1_2_x86_64.whl", hash = "sha256:46c4c550bf59ce05d6bff2c98053822549aaf9fbaf81103edea325e03350bca1"},
    {file = "rpds_py-0.10.2-pp39-pypy39_pp73-macosx_10_7_x86_64.whl", hash = "sha256:46af4a742b90c7460e94214f923452c2c1d050a9da1d2b8d4c70cbc045e692b7"},
    {file = "rpds_py-0.10.2-pp39-pypy39_pp73-macosx_11_0_arm64.whl", hash = "sha256:2a86d246a160d98d820ee7d02dc18c923c228de095be362e57b9fd8970b2c4a1"},
    {file = "rpds_py-0.10.2-pp39-pypy39_pp73-manylinux_2_17_aarch64.manylinux2014_aarch64.whl", hash = "sha256:ae141c9017f8f473a6ee07a9425da021816a9f8c0683c2e5442f0ccf56b0fc62"},
    {file = "rpds_py-0.10.2-pp39-pypy39_pp73-manylinux_2_17_armv7l.manylinux2014_armv7l.whl", hash = "sha256:e1147bc3d0dd1e549d991110d0a09557ec9f925dbc1ca62871fcdab2ec9d716b"},
    {file = "rpds_py-0.10.2-pp39-pypy39_pp73-manylinux_2_17_ppc64le.manylinux2014_ppc64le.whl", hash = "sha256:fce7a8ee8d0f682c953c0188735d823f0fcb62779bf92cd6ba473a8e730e26ad"},
    {file = "rpds_py-0.10.2-pp39-pypy39_pp73-manylinux_2_17_s390x.manylinux2014_s390x.whl", hash = "sha256:4c7f9d70f99e1fbcbf57c75328b80e1c0a7f6cad43e75efa90a97221be5efe15"},
    {file = "rpds_py-0.10.2-pp39-pypy39_pp73-manylinux_2_17_x86_64.manylinux2014_x86_64.whl", hash = "sha256:0b309908b6ff5ffbf6394818cb73b5a2a74073acee2c57fe8719046389aeff0d"},
    {file = "rpds_py-0.10.2-pp39-pypy39_pp73-manylinux_2_5_i686.manylinux1_i686.whl", hash = "sha256:3ff1f585a0fdc1415bd733b804f33d386064a308672249b14828130dd43e7c31"},
    {file = "rpds_py-0.10.2-pp39-pypy39_pp73-musllinux_1_2_aarch64.whl", hash = "sha256:0188b580c490bccb031e9b67e9e8c695a3c44ac5e06218b152361eca847317c3"},
    {file = "rpds_py-0.10.2-pp39-pypy39_pp73-musllinux_1_2_i686.whl", hash = "sha256:abe081453166e206e3a8c6d8ace57214c17b6d9477d7601ac14a365344dbc1f4"},
    {file = "rpds_py-0.10.2-pp39-pypy39_pp73-musllinux_1_2_x86_64.whl", hash = "sha256:9118de88c16947eaf5b92f749e65b0501ea69e7c2be7bd6aefc12551622360e1"},
    {file = "rpds_py-0.10.2.tar.gz", hash = "sha256:289073f68452b96e70990085324be7223944c7409973d13ddfe0eea1c1b5663b"},
]

[[package]]
name = "simplesat"
version = "0.8.2"
summary = "Simple SAT solvers for use in Enstaller"
dependencies = [
    "attrs>=17.4.0",
    "okonomiyaki>=0.16.6",
    "six>=1.10.0",
]
files = [
    {file = "simplesat-0.8.2-py2.py3-none-any.whl", hash = "sha256:76dd637db54c998badb988baafbc2bd4cc6689364580588487bc2634a6ab55fd"},
    {file = "simplesat-0.8.2.tar.gz", hash = "sha256:1943f32735b03b048e20953a0145b2b61d2eb7a9dcc471a74f214afe9fa8d858"},
]

[[package]]
name = "six"
version = "1.16.0"
requires_python = ">=2.7, !=3.0.*, !=3.1.*, !=3.2.*"
summary = "Python 2 and 3 compatibility utilities"
files = [
    {file = "six-1.16.0-py2.py3-none-any.whl", hash = "sha256:8abb2f1d86890a2dfb989f9a77cfcfd3e47c2a354b01111771326f8aa26e0254"},
    {file = "six-1.16.0.tar.gz", hash = "sha256:1e61c37477a1626458e36f7b1d82aa5c9b094fa4802892072e49de9c60c4c926"},
]

[[package]]
name = "tomli"
version = "2.0.1"
requires_python = ">=3.7"
summary = "A lil' TOML parser"
files = [
    {file = "tomli-2.0.1-py3-none-any.whl", hash = "sha256:939de3e7a6161af0c887ef91b7d41a53e7c5a1ca976325f429cb46ea9bc30ecc"},
    {file = "tomli-2.0.1.tar.gz", hash = "sha256:de526c12914f0c550d15924c62d72abc48d6fe7364aa87328337a31007fe8a4f"},
]

[[package]]
name = "zipfile2"
version = "0.0.12"
summary = "An improved ZipFile class."
files = [
    {file = "zipfile2-0.0.12-py2.py3-none-any.whl", hash = "sha256:b9adf577d825461480e485027116c035f666b72ac3911af71aa93da6e0579eb8"},
    {file = "zipfile2-0.0.12.tar.gz", hash = "sha256:7376f7c968717ac895ef862da913e790cf1b518caf56c4822c04684c46a8a608"},
]

[[package]]
name = "zipp"
version = "3.16.2"
requires_python = ">=3.8"
summary = "Backport of pathlib-compatible object wrapper for zip files"
files = [
    {file = "zipp-3.16.2-py3-none-any.whl", hash = "sha256:679e51dd4403591b2d6838a48de3d283f3d188412a9782faadf845f298736ba0"},
    {file = "zipp-3.16.2.tar.gz", hash = "sha256:ebc15946aa78bd63458992fc81ec3b6f7b1e92d51c35e6de1c3804e73b799147"},
]
